# This file is automatically @generated by Cargo.
# It is not intended for manual editing.
version = 4

[[package]]
name = "zeph"
version = "0.1.0"
dependencies = [
 "zeph-core",
]

[[package]]
name = "zeph-core"
version = "0.1.0"

[[package]]
name = "zeph-llm"
version = "0.1.0"

[[package]]
name = "zeph-memory"
version = "0.1.0"

[[package]]
name = "zeph-skills"
version = "0.1.0"
